// !$*UTF8*$!
{
	archiveVersion = 1;
	classes = {
	};
	objectVersion = 50;
	objects = {

/* Begin PBXBuildFile section */
		631CC64D25FA41AE00866FF2 /* AppDelegate.swift in Sources */ = {isa = PBXBuildFile; fileRef = 631CC64C25FA41AE00866FF2 /* AppDelegate.swift */; };
		631CC64F25FA41AE00866FF2 /* SceneDelegate.swift in Sources */ = {isa = PBXBuildFile; fileRef = 631CC64E25FA41AE00866FF2 /* SceneDelegate.swift */; };
		631CC65125FA41AE00866FF2 /* ViewController.swift in Sources */ = {isa = PBXBuildFile; fileRef = 631CC65025FA41AE00866FF2 /* ViewController.swift */; };
		631CC65425FA41AE00866FF2 /* Main.storyboard in Resources */ = {isa = PBXBuildFile; fileRef = 631CC65225FA41AE00866FF2 /* Main.storyboard */; };
		631CC65625FA41AF00866FF2 /* Assets.xcassets in Resources */ = {isa = PBXBuildFile; fileRef = 631CC65525FA41AF00866FF2 /* Assets.xcassets */; };
		631CC65925FA41AF00866FF2 /* LaunchScreen.storyboard in Resources */ = {isa = PBXBuildFile; fileRef = 631CC65725FA41AF00866FF2 /* LaunchScreen.storyboard */; };
		631CC66425FA41AF00866FF2 /* HowToSnapshotCellTests.swift in Sources */ = {isa = PBXBuildFile; fileRef = 631CC66325FA41AF00866FF2 /* HowToSnapshotCellTests.swift */; };
		631CC68525FA42FE00866FF2 /* switch.png in Resources */ = {isa = PBXBuildFile; fileRef = 631CC68425FA42FE00866FF2 /* switch.png */; };
/* End PBXBuildFile section */

/* Begin PBXContainerItemProxy section */
		631CC66025FA41AF00866FF2 /* PBXContainerItemProxy */ = {
			isa = PBXContainerItemProxy;
			containerPortal = 631CC64125FA41AE00866FF2 /* Project object */;
			proxyType = 1;
			remoteGlobalIDString = 631CC64825FA41AE00866FF2;
			remoteInfo = HowToSnapshotCell;
		};
/* End PBXContainerItemProxy section */

/* Begin PBXFileReference section */
		631CC64925FA41AE00866FF2 /* HowToSnapshotCell.app */ = {isa = PBXFileReference; explicitFileType = wrapper.application; includeInIndex = 0; path = HowToSnapshotCell.app; sourceTree = BUILT_PRODUCTS_DIR; };
		631CC64C25FA41AE00866FF2 /* AppDelegate.swift */ = {isa = PBXFileReference; lastKnownFileType = sourcecode.swift; path = AppDelegate.swift; sourceTree = "<group>"; };
		631CC64E25FA41AE00866FF2 /* SceneDelegate.swift */ = {isa = PBXFileReference; lastKnownFileType = sourcecode.swift; path = SceneDelegate.swift; sourceTree = "<group>"; };
		631CC65025FA41AE00866FF2 /* ViewController.swift */ = {isa = PBXFileReference; lastKnownFileType = sourcecode.swift; path = ViewController.swift; sourceTree = "<group>"; };
		631CC65325FA41AE00866FF2 /* Base */ = {isa = PBXFileReference; lastKnownFileType = file.storyboard; name = Base; path = Base.lproj/Main.storyboard; sourceTree = "<group>"; };
		631CC65525FA41AF00866FF2 /* Assets.xcassets */ = {isa = PBXFileReference; lastKnownFileType = folder.assetcatalog; path = Assets.xcassets; sourceTree = "<group>"; };
		631CC65825FA41AF00866FF2 /* Base */ = {isa = PBXFileReference; lastKnownFileType = file.storyboard; name = Base; path = Base.lproj/LaunchScreen.storyboard; sourceTree = "<group>"; };
		631CC65A25FA41AF00866FF2 /* Info.plist */ = {isa = PBXFileReference; lastKnownFileType = text.plist.xml; path = Info.plist; sourceTree = "<group>"; };
		631CC65F25FA41AF00866FF2 /* HowToSnapshotCellTests.xctest */ = {isa = PBXFileReference; explicitFileType = wrapper.cfbundle; includeInIndex = 0; path = HowToSnapshotCellTests.xctest; sourceTree = BUILT_PRODUCTS_DIR; };
		631CC66325FA41AF00866FF2 /* HowToSnapshotCellTests.swift */ = {isa = PBXFileReference; lastKnownFileType = sourcecode.swift; path = HowToSnapshotCellTests.swift; sourceTree = "<group>"; };
		631CC66525FA41AF00866FF2 /* Info.plist */ = {isa = PBXFileReference; lastKnownFileType = text.plist.xml; path = Info.plist; sourceTree = "<group>"; };
		631CC68425FA42FE00866FF2 /* switch.png */ = {isa = PBXFileReference; lastKnownFileType = image.png; name = switch.png; path = snapshots/switch.png; sourceTree = "<group>"; };
/* End PBXFileReference section */

/* Begin PBXFrameworksBuildPhase section */
		631CC64625FA41AE00866FF2 /* Frameworks */ = {
			isa = PBXFrameworksBuildPhase;
			buildActionMask = 2147483647;
			files = (
			);
			runOnlyForDeploymentPostprocessing = 0;
		};
		631CC65C25FA41AF00866FF2 /* Frameworks */ = {
			isa = PBXFrameworksBuildPhase;
			buildActionMask = 2147483647;
			files = (
			);
			runOnlyForDeploymentPostprocessing = 0;
		};
/* End PBXFrameworksBuildPhase section */

/* Begin PBXGroup section */
		631CC64025FA41AE00866FF2 = {
			isa = PBXGroup;
			children = (
				631CC64B25FA41AE00866FF2 /* HowToSnapshotCell */,
				631CC66225FA41AF00866FF2 /* HowToSnapshotCellTests */,
				631CC64A25FA41AE00866FF2 /* Products */,
			);
			sourceTree = "<group>";
		};
		631CC64A25FA41AE00866FF2 /* Products */ = {
			isa = PBXGroup;
			children = (
				631CC64925FA41AE00866FF2 /* HowToSnapshotCell.app */,
				631CC65F25FA41AF00866FF2 /* HowToSnapshotCellTests.xctest */,
			);
			name = Products;
			sourceTree = "<group>";
		};
		631CC64B25FA41AE00866FF2 /* HowToSnapshotCell */ = {
			isa = PBXGroup;
			children = (
				631CC64C25FA41AE00866FF2 /* AppDelegate.swift */,
				631CC64E25FA41AE00866FF2 /* SceneDelegate.swift */,
				631CC65025FA41AE00866FF2 /* ViewController.swift */,
				631CC65225FA41AE00866FF2 /* Main.storyboard */,
				631CC65525FA41AF00866FF2 /* Assets.xcassets */,
				631CC65725FA41AF00866FF2 /* LaunchScreen.storyboard */,
				631CC65A25FA41AF00866FF2 /* Info.plist */,
			);
			path = HowToSnapshotCell;
			sourceTree = "<group>";
		};
		631CC66225FA41AF00866FF2 /* HowToSnapshotCellTests */ = {
			isa = PBXGroup;
			children = (
				631CC68425FA42FE00866FF2 /* switch.png */,
				631CC66325FA41AF00866FF2 /* HowToSnapshotCellTests.swift */,
				631CC66525FA41AF00866FF2 /* Info.plist */,
			);
			path = HowToSnapshotCellTests;
			sourceTree = "<group>";
		};
/* End PBXGroup section */

/* Begin PBXNativeTarget section */
		631CC64825FA41AE00866FF2 /* HowToSnapshotCell */ = {
			isa = PBXNativeTarget;
			buildConfigurationList = 631CC67325FA41AF00866FF2 /* Build configuration list for PBXNativeTarget "HowToSnapshotCell" */;
			buildPhases = (
				631CC64525FA41AE00866FF2 /* Sources */,
				631CC64625FA41AE00866FF2 /* Frameworks */,
				631CC64725FA41AE00866FF2 /* Resources */,
			);
			buildRules = (
			);
			dependencies = (
			);
			name = HowToSnapshotCell;
			productName = HowToSnapshotCell;
			productReference = 631CC64925FA41AE00866FF2 /* HowToSnapshotCell.app */;
			productType = "com.apple.product-type.application";
		};
		631CC65E25FA41AF00866FF2 /* HowToSnapshotCellTests */ = {
			isa = PBXNativeTarget;
			buildConfigurationList = 631CC67625FA41AF00866FF2 /* Build configuration list for PBXNativeTarget "HowToSnapshotCellTests" */;
			buildPhases = (
				631CC65B25FA41AF00866FF2 /* Sources */,
				631CC65C25FA41AF00866FF2 /* Frameworks */,
				631CC65D25FA41AF00866FF2 /* Resources */,
			);
			buildRules = (
			);
			dependencies = (
				631CC66125FA41AF00866FF2 /* PBXTargetDependency */,
			);
			name = HowToSnapshotCellTests;
			productName = HowToSnapshotCellTests;
			productReference = 631CC65F25FA41AF00866FF2 /* HowToSnapshotCellTests.xctest */;
			productType = "com.apple.product-type.bundle.unit-test";
		};
/* End PBXNativeTarget section */

/* Begin PBXProject section */
		631CC64125FA41AE00866FF2 /* Project object */ = {
			isa = PBXProject;
			attributes = {
				LastSwiftUpdateCheck = 1240;
				LastUpgradeCheck = 1240;
				TargetAttributes = {
					631CC64825FA41AE00866FF2 = {
						CreatedOnToolsVersion = 12.4;
					};
					631CC65E25FA41AF00866FF2 = {
						CreatedOnToolsVersion = 12.4;
						TestTargetID = 631CC64825FA41AE00866FF2;
					};
				};
			};
			buildConfigurationList = 631CC64425FA41AE00866FF2 /* Build configuration list for PBXProject "HowToSnapshotCell" */;
			compatibilityVersion = "Xcode 9.3";
			developmentRegion = en;
			hasScannedForEncodings = 0;
			knownRegions = (
				en,
				Base,
			);
			mainGroup = 631CC64025FA41AE00866FF2;
			productRefGroup = 631CC64A25FA41AE00866FF2 /* Products */;
			projectDirPath = "";
			projectRoot = "";
			targets = (
				631CC64825FA41AE00866FF2 /* HowToSnapshotCell */,
				631CC65E25FA41AF00866FF2 /* HowToSnapshotCellTests */,
			);
		};
/* End PBXProject section */

/* Begin PBXResourcesBuildPhase section */
		631CC64725FA41AE00866FF2 /* Resources */ = {
			isa = PBXResourcesBuildPhase;
			buildActionMask = 2147483647;
			files = (
				631CC65925FA41AF00866FF2 /* LaunchScreen.storyboard in Resources */,
				631CC65625FA41AF00866FF2 /* Assets.xcassets in Resources */,
				631CC65425FA41AE00866FF2 /* Main.storyboard in Resources */,
			);
			runOnlyForDeploymentPostprocessing = 0;
		};
		631CC65D25FA41AF00866FF2 /* Resources */ = {
			isa = PBXResourcesBuildPhase;
			buildActionMask = 2147483647;
			files = (
				631CC68525FA42FE00866FF2 /* switch.png in Resources */,
			);
			runOnlyForDeploymentPostprocessing = 0;
		};
/* End PBXResourcesBuildPhase section */

/* Begin PBXSourcesBuildPhase section */
		631CC64525FA41AE00866FF2 /* Sources */ = {
			isa = PBXSourcesBuildPhase;
			buildActionMask = 2147483647;
			files = (
				631CC65125FA41AE00866FF2 /* ViewController.swift in Sources */,
				631CC64D25FA41AE00866FF2 /* AppDelegate.swift in Sources */,
				631CC64F25FA41AE00866FF2 /* SceneDelegate.swift in Sources */,
			);
			runOnlyForDeploymentPostprocessing = 0;
		};
		631CC65B25FA41AF00866FF2 /* Sources */ = {
			isa = PBXSourcesBuildPhase;
			buildActionMask = 2147483647;
			files = (
				631CC66425FA41AF00866FF2 /* HowToSnapshotCellTests.swift in Sources */,
			);
			runOnlyForDeploymentPostprocessing = 0;
		};
/* End PBXSourcesBuildPhase section */

/* Begin PBXTargetDependency section */
		631CC66125FA41AF00866FF2 /* PBXTargetDependency */ = {
			isa = PBXTargetDependency;
			target = 631CC64825FA41AE00866FF2 /* HowToSnapshotCell */;
			targetProxy = 631CC66025FA41AF00866FF2 /* PBXContainerItemProxy */;
		};
/* End PBXTargetDependency section */

/* Begin PBXVariantGroup section */
		631CC65225FA41AE00866FF2 /* Main.storyboard */ = {
			isa = PBXVariantGroup;
			children = (
				631CC65325FA41AE00866FF2 /* Base */,
			);
			name = Main.storyboard;
			sourceTree = "<group>";
		};
		631CC65725FA41AF00866FF2 /* LaunchScreen.storyboard */ = {
			isa = PBXVariantGroup;
			children = (
				631CC65825FA41AF00866FF2 /* Base */,
			);
			name = LaunchScreen.storyboard;
			sourceTree = "<group>";
		};
/* End PBXVariantGroup section */

/* Begin XCBuildConfiguration section */
		631CC67125FA41AF00866FF2 /* Debug */ = {
			isa = XCBuildConfiguration;
			buildSettings = {
				ALWAYS_SEARCH_USER_PATHS = NO;
				CLANG_ANALYZER_NONNULL = YES;
				CLANG_ANALYZER_NUMBER_OBJECT_CONVERSION = YES_AGGRESSIVE;
				CLANG_CXX_LANGUAGE_STANDARD = "gnu++14";
				CLANG_CXX_LIBRARY = "libc++";
				CLANG_ENABLE_MODULES = YES;
				CLANG_ENABLE_OBJC_ARC = YES;
				CLANG_ENABLE_OBJC_WEAK = YES;
				CLANG_WARN_BLOCK_CAPTURE_AUTORELEASING = YES;
				CLANG_WARN_BOOL_CONVERSION = YES;
				CLANG_WARN_COMMA = YES;
				CLANG_WARN_CONSTANT_CONVERSION = YES;
				CLANG_WARN_DEPRECATED_OBJC_IMPLEMENTATIONS = YES;
				CLANG_WARN_DIRECT_OBJC_ISA_USAGE = YES_ERROR;
				CLANG_WARN_DOCUMENTATION_COMMENTS = YES;
				CLANG_WARN_EMPTY_BODY = YES;
				CLANG_WARN_ENUM_CONVERSION = YES;
				CLANG_WARN_INFINITE_RECURSION = YES;
				CLANG_WARN_INT_CONVERSION = YES;
				CLANG_WARN_NON_LITERAL_NULL_CONVERSION = YES;
				CLANG_WARN_OBJC_IMPLICIT_RETAIN_SELF = YES;
				CLANG_WARN_OBJC_LITERAL_CONVERSION = YES;
				CLANG_WARN_OBJC_ROOT_CLASS = YES_ERROR;
				CLANG_WARN_QUOTED_INCLUDE_IN_FRAMEWORK_HEADER = YES;
				CLANG_WARN_RANGE_LOOP_ANALYSIS = YES;
				CLANG_WARN_STRICT_PROTOTYPES = YES;
				CLANG_WARN_SUSPICIOUS_MOVE = YES;
				CLANG_WARN_UNGUARDED_AVAILABILITY = YES_AGGRESSIVE;
				CLANG_WARN_UNREACHABLE_CODE = YES;
				CLANG_WARN__DUPLICATE_METHOD_MATCH = YES;
				COPY_PHASE_STRIP = NO;
				DEBUG_INFORMATION_FORMAT = dwarf;
				ENABLE_STRICT_OBJC_MSGSEND = YES;
				ENABLE_TESTABILITY = YES;
				GCC_C_LANGUAGE_STANDARD = gnu11;
				GCC_DYNAMIC_NO_PIC = NO;
				GCC_NO_COMMON_BLOCKS = YES;
				GCC_OPTIMIZATION_LEVEL = 0;
				GCC_PREPROCESSOR_DEFINITIONS = (
					"DEBUG=1",
					"$(inherited)",
				);
				GCC_WARN_64_TO_32_BIT_CONVERSION = YES;
				GCC_WARN_ABOUT_RETURN_TYPE = YES_ERROR;
				GCC_WARN_UNDECLARED_SELECTOR = YES;
				GCC_WARN_UNINITIALIZED_AUTOS = YES_AGGRESSIVE;
				GCC_WARN_UNUSED_FUNCTION = YES;
				GCC_WARN_UNUSED_VARIABLE = YES;
				IPHONEOS_DEPLOYMENT_TARGET = 14.4;
				MTL_ENABLE_DEBUG_INFO = INCLUDE_SOURCE;
				MTL_FAST_MATH = YES;
				ONLY_ACTIVE_ARCH = YES;
				SDKROOT = iphoneos;
				SWIFT_ACTIVE_COMPILATION_CONDITIONS = DEBUG;
				SWIFT_OPTIMIZATION_LEVEL = "-Onone";
			};
			name = Debug;
		};
		631CC67225FA41AF00866FF2 /* Release */ = {
			isa = XCBuildConfiguration;
			buildSettings = {
				ALWAYS_SEARCH_USER_PATHS = NO;
				CLANG_ANALYZER_NONNULL = YES;
				CLANG_ANALYZER_NUMBER_OBJECT_CONVERSION = YES_AGGRESSIVE;
				CLANG_CXX_LANGUAGE_STANDARD = "gnu++14";
				CLANG_CXX_LIBRARY = "libc++";
				CLANG_ENABLE_MODULES = YES;
				CLANG_ENABLE_OBJC_ARC = YES;
				CLANG_ENABLE_OBJC_WEAK = YES;
				CLANG_WARN_BLOCK_CAPTURE_AUTORELEASING = YES;
				CLANG_WARN_BOOL_CONVERSION = YES;
				CLANG_WARN_COMMA = YES;
				CLANG_WARN_CONSTANT_CONVERSION = YES;
				CLANG_WARN_DEPRECATED_OBJC_IMPLEMENTATIONS = YES;
				CLANG_WARN_DIRECT_OBJC_ISA_USAGE = YES_ERROR;
				CLANG_WARN_DOCUMENTATION_COMMENTS = YES;
				CLANG_WARN_EMPTY_BODY = YES;
				CLANG_WARN_ENUM_CONVERSION = YES;
				CLANG_WARN_INFINITE_RECURSION = YES;
				CLANG_WARN_INT_CONVERSION = YES;
				CLANG_WARN_NON_LITERAL_NULL_CONVERSION = YES;
				CLANG_WARN_OBJC_IMPLICIT_RETAIN_SELF = YES;
				CLANG_WARN_OBJC_LITERAL_CONVERSION = YES;
				CLANG_WARN_OBJC_ROOT_CLASS = YES_ERROR;
				CLANG_WARN_QUOTED_INCLUDE_IN_FRAMEWORK_HEADER = YES;
				CLANG_WARN_RANGE_LOOP_ANALYSIS = YES;
				CLANG_WARN_STRICT_PROTOTYPES = YES;
				CLANG_WARN_SUSPICIOUS_MOVE = YES;
				CLANG_WARN_UNGUARDED_AVAILABILITY = YES_AGGRESSIVE;
				CLANG_WARN_UNREACHABLE_CODE = YES;
				CLANG_WARN__DUPLICATE_METHOD_MATCH = YES;
				COPY_PHASE_STRIP = NO;
				DEBUG_INFORMATION_FORMAT = "dwarf-with-dsym";
				ENABLE_NS_ASSERTIONS = NO;
				ENABLE_STRICT_OBJC_MSGSEND = YES;
				GCC_C_LANGUAGE_STANDARD = gnu11;
				GCC_NO_COMMON_BLOCKS = YES;
				GCC_WARN_64_TO_32_BIT_CONVERSION = YES;
				GCC_WARN_ABOUT_RETURN_TYPE = YES_ERROR;
				GCC_WARN_UNDECLARED_SELECTOR = YES;
				GCC_WARN_UNINITIALIZED_AUTOS = YES_AGGRESSIVE;
				GCC_WARN_UNUSED_FUNCTION = YES;
				GCC_WARN_UNUSED_VARIABLE = YES;
				IPHONEOS_DEPLOYMENT_TARGET = 14.4;
				MTL_ENABLE_DEBUG_INFO = NO;
				MTL_FAST_MATH = YES;
				SDKROOT = iphoneos;
				SWIFT_COMPILATION_MODE = wholemodule;
				SWIFT_OPTIMIZATION_LEVEL = "-O";
				VALIDATE_PRODUCT = YES;
			};
			name = Release;
		};
		631CC67425FA41AF00866FF2 /* Debug */ = {
			isa = XCBuildConfiguration;
			buildSettings = {
				ASSETCATALOG_COMPILER_APPICON_NAME = AppIcon;
				ASSETCATALOG_COMPILER_GLOBAL_ACCENT_COLOR_NAME = AccentColor;
				CODE_SIGN_STYLE = Automatic;
				DEVELOPMENT_TEAM = 7S9CF6BJNF;
				INFOPLIST_FILE = HowToSnapshotCell/Info.plist;
				LD_RUNPATH_SEARCH_PATHS = (
					"$(inherited)",
					"@executable_path/Frameworks",
				);
				PRODUCT_BUNDLE_IDENTIFIER = com.paul.lee.HowToSnapshotCell;
				PRODUCT_NAME = "$(TARGET_NAME)";
				SWIFT_VERSION = 5.0;
				TARGETED_DEVICE_FAMILY = "1,2";
			};
			name = Debug;
		};
		631CC67525FA41AF00866FF2 /* Release */ = {
			isa = XCBuildConfiguration;
			buildSettings = {
				ASSETCATALOG_COMPILER_APPICON_NAME = AppIcon;
				ASSETCATALOG_COMPILER_GLOBAL_ACCENT_COLOR_NAME = AccentColor;
				CODE_SIGN_STYLE = Automatic;
				DEVELOPMENT_TEAM = 7S9CF6BJNF;
				INFOPLIST_FILE = HowToSnapshotCell/Info.plist;
				LD_RUNPATH_SEARCH_PATHS = (
					"$(inherited)",
					"@executable_path/Frameworks",
				);
				PRODUCT_BUNDLE_IDENTIFIER = com.paul.lee.HowToSnapshotCell;
				PRODUCT_NAME = "$(TARGET_NAME)";
				SWIFT_VERSION = 5.0;
				TARGETED_DEVICE_FAMILY = "1,2";
			};
			name = Release;
		};
		631CC67725FA41AF00866FF2 /* Debug */ = {
			isa = XCBuildConfiguration;
			buildSettings = {
				ALWAYS_EMBED_SWIFT_STANDARD_LIBRARIES = YES;
				BUNDLE_LOADER = "$(TEST_HOST)";
				CODE_SIGN_STYLE = Automatic;
				DEVELOPMENT_TEAM = 7S9CF6BJNF;
				INFOPLIST_FILE = HowToSnapshotCellTests/Info.plist;
				IPHONEOS_DEPLOYMENT_TARGET = 14.4;
				LD_RUNPATH_SEARCH_PATHS = (
					"$(inherited)",
					"@executable_path/Frameworks",
					"@loader_path/Frameworks",
				);
				PRODUCT_BUNDLE_IDENTIFIER = com.paul.lee.HowToSnapshotCellTests;
				PRODUCT_NAME = "$(TARGET_NAME)";
				SWIFT_VERSION = 5.0;
				TARGETED_DEVICE_FAMILY = "1,2";
				TEST_HOST = "$(BUILT_PRODUCTS_DIR)/HowToSnapshotCell.app/HowToSnapshotCell";
			};
			name = Debug;
		};
		631CC67825FA41AF00866FF2 /* Release */ = {
			isa = XCBuildConfiguration;
			buildSettings = {
				ALWAYS_EMBED_SWIFT_STANDARD_LIBRARIES = YES;
				BUNDLE_LOADER = "$(TEST_HOST)";
				CODE_SIGN_STYLE = Automatic;
				DEVELOPMENT_TEAM = 7S9CF6BJNF;
				INFOPLIST_FILE = HowToSnapshotCellTests/Info.plist;
				IPHONEOS_DEPLOYMENT_TARGET = 14.4;
				LD_RUNPATH_SEARCH_PATHS = (
					"$(inherited)",
					"@executable_path/Frameworks",
					"@loader_path/Frameworks",
				);
				PRODUCT_BUNDLE_IDENTIFIER = com.paul.lee.HowToSnapshotCellTests;
				PRODUCT_NAME = "$(TARGET_NAME)";
				SWIFT_VERSION = 5.0;
				TARGETED_DEVICE_FAMILY = "1,2";
				TEST_HOST = "$(BUILT_PRODUCTS_DIR)/HowToSnapshotCell.app/HowToSnapshotCell";
			};
			name = Release;
		};
/* End XCBuildConfiguration section */

/* Begin XCConfigurationList section */
		631CC64425FA41AE00866FF2 /* Build configuration list for PBXProject "HowToSnapshotCell" */ = {
			isa = XCConfigurationList;
			buildConfigurations = (
				631CC67125FA41AF00866FF2 /* Debug */,
				631CC67225FA41AF00866FF2 /* Release */,
			);
			defaultConfigurationIsVisible = 0;
			defaultConfigurationName = Release;
		};
		631CC67325FA41AF00866FF2 /* Build configuration list for PBXNativeTarget "HowToSnapshotCell" */ = {
			isa = XCConfigurationList;
			buildConfigurations = (
				631CC67425FA41AF00866FF2 /* Debug */,
				631CC67525FA41AF00866FF2 /* Release */,
			);
			defaultConfigurationIsVisible = 0;
			defaultConfigurationName = Release;
		};
		631CC67625FA41AF00866FF2 /* Build configuration list for PBXNativeTarget "HowToSnapshotCellTests" */ = {
			isa = XCConfigurationList;
			buildConfigurations = (
				631CC67725FA41AF00866FF2 /* Debug */,
				631CC67825FA41AF00866FF2 /* Release */,
			);
			defaultConfigurationIsVisible = 0;
			defaultConfigurationName = Release;
		};
/* End XCConfigurationList section */
	};
	rootObject = 631CC64125FA41AE00866FF2 /* Project object */;
}
